
Microsoft Visual Studio Solution File, Format Version 12.00
# Visual Studio 15
VisualStudioVersion = 15.0.28307.705
MinimumVisualStudioVersion = 10.0.40219.1
Project("{FAE04EC0-301F-11D3-BF4B-00C04F79EFBC}") = "TextToImage", "TextToImage\TextToImage.csproj", "{6FC61D6A-4C9C-497B-94E0-12374AEAAE7F}"
EndProject
Project("{FAE04EC0-301F-11D3-BF4B-00C04F79EFBC}") = "TestTextToImage", "TestTextToImage\TestTextToImage.csproj", "{48BEC747-DC95-4217-B6B4-191AA91031A3}"
EndProject
Global
	GlobalSection(SolutionConfigurationPlatforms) = preSolution
		Debug|Any CPU = Debug|Any CPU
		Release|Any CPU = Release|Any CPU
	EndGlobalSection
	GlobalSection(ProjectConfigurationPlatforms) = postSolution
		{6FC61D6A-4C9C-497B-94E0-12374AEAAE7F}.Debug|Any CPU.ActiveCfg = Debug|Any CPU
		{6FC61D6A-4C9C-497B-94E0-12374AEAAE7F}.Debug|Any CPU.Build.0 = Debug|Any CPU
		{6FC61D6A-4C9C-497B-94E0-12374AEAAE7F}.Release|Any CPU.ActiveCfg = Release|Any CPU
		{6FC61D6A-4C9C-497B-94E0-12374AEAAE7F}.Release|Any CPU.Build.0 = Release|Any CPU
		{48BEC747-DC95-4217-B6B4-191AA91031A3}.Debug|Any CPU.ActiveCfg = Debug|Any CPU
		{48BEC747-DC95-4217-B6B4-191AA91031A3}.Debug|Any CPU.Build.0 = Debug|Any CPU
		{48BEC747-DC95-4217-B6B4-191AA91031A3}.Release|Any CPU.ActiveCfg = Release|Any CPU
		{48BEC747-DC95-4217-B6B4-191AA91031A3}.Release|Any CPU.Build.0 = Release|Any CPU
	EndGlobalSection
	GlobalSection(SolutionProperties) = preSolution
		HideSolutionNode = FALSE
	EndGlobalSection
	GlobalSection(ExtensibilityGlobals) = postSolution
		SolutionGuid = {521AEFCB-9959-4471-A577-A7C5A5A8DB5E}
	EndGlobalSection
EndGlobal
